
Microsoft Visual Studio Solution File, Format Version 12.00
# Visual Studio Version 17
VisualStudioVersion = 17.3.32804.467
MinimumVisualStudioVersion = 10.0.40219.1
Project("{FAE04EC0-301F-11D3-BF4B-00C04F79EFBC}") = "YuGiOh", "YuGiOh\YuGiOh.csproj", "{37349272-054C-4B7D-8FDB-AFEE3E7C5F93}"
EndProject
Project("{FAE04EC0-301F-11D3-BF4B-00C04F79EFBC}") = "YuGiOh.Tests", "YuGiOh.Tests\YuGiOh.Tests.csproj", "{3ED93CF1-C569-4E7F-A28B-71779D3B8629}"
EndProject
Project("{FAE04EC0-301F-11D3-BF4B-00C04F79EFBC}") = "Github", "Github\Github.csproj", "{89AE94F7-98FC-4B17-BAAB-E221FC7DA720}"
EndProject
Global
	GlobalSection(SolutionConfigurationPlatforms) = preSolution
		Debug|Any CPU = Debug|Any CPU
		Release|Any CPU = Release|Any CPU
	EndGlobalSection
	GlobalSection(ProjectConfigurationPlatforms) = postSolution
		{37349272-054C-4B7D-8FDB-AFEE3E7C5F93}.Debug|Any CPU.ActiveCfg = Debug|Any CPU
		{37349272-054C-4B7D-8FDB-AFEE3E7C5F93}.Debug|Any CPU.Build.0 = Debug|Any CPU
		{37349272-054C-4B7D-8FDB-AFEE3E7C5F93}.Release|Any CPU.ActiveCfg = Release|Any CPU
		{37349272-054C-4B7D-8FDB-AFEE3E7C5F93}.Release|Any CPU.Build.0 = Release|Any CPU
		{3ED93CF1-C569-4E7F-A28B-71779D3B8629}.Debug|Any CPU.ActiveCfg = Debug|Any CPU
		{3ED93CF1-C569-4E7F-A28B-71779D3B8629}.Debug|Any CPU.Build.0 = Debug|Any CPU
		{3ED93CF1-C569-4E7F-A28B-71779D3B8629}.Release|Any CPU.ActiveCfg = Release|Any CPU
		{3ED93CF1-C569-4E7F-A28B-71779D3B8629}.Release|Any CPU.Build.0 = Release|Any CPU
		{89AE94F7-98FC-4B17-BAAB-E221FC7DA720}.Debug|Any CPU.ActiveCfg = Debug|Any CPU
		{89AE94F7-98FC-4B17-BAAB-E221FC7DA720}.Debug|Any CPU.Build.0 = Debug|Any CPU
		{89AE94F7-98FC-4B17-BAAB-E221FC7DA720}.Release|Any CPU.ActiveCfg = Release|Any CPU
		{89AE94F7-98FC-4B17-BAAB-E221FC7DA720}.Release|Any CPU.Build.0 = Release|Any CPU
	EndGlobalSection
	GlobalSection(SolutionProperties) = preSolution
		HideSolutionNode = FALSE
	EndGlobalSection
	GlobalSection(ExtensibilityGlobals) = postSolution
		SolutionGuid = {302A4C1F-5FEE-49DB-AABB-2C1671B17A8C}
	EndGlobalSection
EndGlobal
